
Microsoft Visual Studio Solution File, Format Version 12.00
# Visual Studio Version 16
VisualStudioVersion = 16.0.31911.196
MinimumVisualStudioVersion = 10.0.40219.1
Project("{FAE04EC0-301F-11D3-BF4B-00C04F79EFBC}") = "StoreProcedure", "StoreProcedure.csproj", "{EAC79015-F6B8-431B-B7E7-DCB190DAA475}"
EndProject
Global
	GlobalSection(SolutionConfigurationPlatforms) = preSolution
		Debug|Any CPU = Debug|Any CPU
		Release|Any CPU = Release|Any CPU
	EndGlobalSection
	GlobalSection(ProjectConfigurationPlatforms) = postSolution
		{EAC79015-F6B8-431B-B7E7-DCB190DAA475}.Debug|Any CPU.ActiveCfg = Debug|Any CPU
		{EAC79015-F6B8-431B-B7E7-DCB190DAA475}.Debug|Any CPU.Build.0 = Debug|Any CPU
		{EAC79015-F6B8-431B-B7E7-DCB190DAA475}.Release|Any CPU.ActiveCfg = Release|Any CPU
		{EAC79015-F6B8-431B-B7E7-DCB190DAA475}.Release|Any CPU.Build.0 = Release|Any CPU
	EndGlobalSection
	GlobalSection(SolutionProperties) = preSolution
		HideSolutionNode = FALSE
	EndGlobalSection
	GlobalSection(ExtensibilityGlobals) = postSolution
		SolutionGuid = {EE1738A8-4B74-4AFD-9D9B-BF4B4759B194}
	EndGlobalSection
EndGlobal
